
Microsoft Visual Studio Solution File, Format Version 12.00
# Visual Studio 2013
VisualStudioVersion = 12.0.30110.0
MinimumVisualStudioVersion = 10.0.40219.1
Project("{FAE04EC0-301F-11D3-BF4B-00C04F79EFBC}") = "CheckIt.Web", "CheckIt.Web\CheckIt.Web.csproj", "{6CF65145-E8B6-40F6-8167-99277565A51A}"
	ProjectSection(ProjectDependencies) = postProject
		{30DBFA51-3B94-48D1-AA25-189473E97339} = {30DBFA51-3B94-48D1-AA25-189473E97339}
	EndProjectSection
EndProject
Project("{FAE04EC0-301F-11D3-BF4B-00C04F79EFBC}") = "CheckIt.Web.Tests", "CheckIt.Web.Tests\CheckIt.Web.Tests.csproj", "{48D39574-602A-435B-A195-6B8CC8E8FF7B}"
EndProject
Project("{FAE04EC0-301F-11D3-BF4B-00C04F79EFBC}") = "CheckIt.Entities", "CheckIt.Entities\CheckIt.Entities.csproj", "{30DBFA51-3B94-48D1-AA25-189473E97339}"
EndProject
Project("{2150E333-8FDC-42A3-9474-1A3956D46DE8}") = "Domain", "Domain", "{5ECE0689-D2D7-4F82-9BCB-CA766375B2E1}"
EndProject
Project("{2150E333-8FDC-42A3-9474-1A3956D46DE8}") = "Framework", "Framework", "{6AB1A538-7B79-47DC-9D6D-471CC4F94E47}"
EndProject
Project("{2150E333-8FDC-42A3-9474-1A3956D46DE8}") = "Testing", "Testing", "{C460BC78-DB7C-47FD-AA76-023B75014985}"
EndProject
Project("{2150E333-8FDC-42A3-9474-1A3956D46DE8}") = "Web", "Web", "{4802E3D5-43D6-43F1-9165-BF2801B6AD6E}"
EndProject
Project("{F088123C-0E9E-452A-89E6-6BA2F21D5CAC}") = "CheckIt.Model", "CheckIt.Model\CheckIt.Model.modelproj", "{09E2BBCD-6118-4B0F-AD08-593E4228C819}"
EndProject
Project("{FAE04EC0-301F-11D3-BF4B-00C04F79EFBC}") = "CheckIt.Data", "CheckIt.Data\CheckIt.Data.csproj", "{1B4FF2B7-F17C-402F-90AE-BD87B2E6D6A3}"
EndProject
Project("{FAE04EC0-301F-11D3-BF4B-00C04F79EFBC}") = "CheckIt.Mapping", "CheckIt.Mapping\CheckIt.Mapping.csproj", "{E61FC37B-972F-413E-BCE5-44F21E0A9B8F}"
EndProject
Project("{FAE04EC0-301F-11D3-BF4B-00C04F79EFBC}") = "CheckIt.Domain", "CheckIt.Doamin\CheckIt.Domain.csproj", "{42C5E9D1-F0CA-49A3-BC51-366E02BA6822}"
EndProject
Project("{FAE04EC0-301F-11D3-BF4B-00C04F79EFBC}") = "CheckIt.Data.Infras", "CheckIt.Data.Infras\CheckIt.Data.Infras.csproj", "{9D97C04E-9372-4521-8F1A-E1E294684DE9}"
EndProject
Project("{FAE04EC0-301F-11D3-BF4B-00C04F79EFBC}") = "CheckIt.Framework", "CheckIt.Framework\CheckIt.Framework.csproj", "{1382C1CD-51CC-45AA-BBCF-7CA1F5F14C6F}"
EndProject
Project("{FAE04EC0-301F-11D3-BF4B-00C04F79EFBC}") = "CheckIt.Web.Infras", "CheckIt.Web.Infras\CheckIt.Web.Infras.csproj", "{A4339505-31F3-4585-9D8A-D6DC36FA3E26}"
EndProject
Project("{FAE04EC0-301F-11D3-BF4B-00C04F79EFBC}") = "CheckIt.Resources", "CheckIt.Resources\CheckIt.Resources.csproj", "{D6F5D6DB-3F71-4CAE-B68B-BDE27BDB7002}"
EndProject
Project("{FAE04EC0-301F-11D3-BF4B-00C04F79EFBC}") = "CheckIt.Web.Service", "CheckIt.Web.Service\CheckIt.Web.Service.csproj", "{CBB741E0-7E3E-4FC5-A34B-0E7451C9C214}"
EndProject
Global
	GlobalSection(SolutionConfigurationPlatforms) = preSolution
		Debug|Any CPU = Debug|Any CPU
		Release|Any CPU = Release|Any CPU
	EndGlobalSection
	GlobalSection(ProjectConfigurationPlatforms) = postSolution
		{6CF65145-E8B6-40F6-8167-99277565A51A}.Debug|Any CPU.ActiveCfg = Debug|Any CPU
		{6CF65145-E8B6-40F6-8167-99277565A51A}.Debug|Any CPU.Build.0 = Debug|Any CPU
		{6CF65145-E8B6-40F6-8167-99277565A51A}.Release|Any CPU.ActiveCfg = Release|Any CPU
		{6CF65145-E8B6-40F6-8167-99277565A51A}.Release|Any CPU.Build.0 = Release|Any CPU
		{48D39574-602A-435B-A195-6B8CC8E8FF7B}.Debug|Any CPU.ActiveCfg = Debug|Any CPU
		{48D39574-602A-435B-A195-6B8CC8E8FF7B}.Debug|Any CPU.Build.0 = Debug|Any CPU
		{48D39574-602A-435B-A195-6B8CC8E8FF7B}.Release|Any CPU.ActiveCfg = Release|Any CPU
		{48D39574-602A-435B-A195-6B8CC8E8FF7B}.Release|Any CPU.Build.0 = Release|Any CPU
		{30DBFA51-3B94-48D1-AA25-189473E97339}.Debug|Any CPU.ActiveCfg = Debug|Any CPU
		{30DBFA51-3B94-48D1-AA25-189473E97339}.Debug|Any CPU.Build.0 = Debug|Any CPU
		{30DBFA51-3B94-48D1-AA25-189473E97339}.Release|Any CPU.ActiveCfg = Release|Any CPU
		{30DBFA51-3B94-48D1-AA25-189473E97339}.Release|Any CPU.Build.0 = Release|Any CPU
		{09E2BBCD-6118-4B0F-AD08-593E4228C819}.Debug|Any CPU.ActiveCfg = Debug|Any CPU
		{09E2BBCD-6118-4B0F-AD08-593E4228C819}.Debug|Any CPU.Build.0 = Debug|Any CPU
		{09E2BBCD-6118-4B0F-AD08-593E4228C819}.Release|Any CPU.ActiveCfg = Release|Any CPU
		{09E2BBCD-6118-4B0F-AD08-593E4228C819}.Release|Any CPU.Build.0 = Release|Any CPU
		{1B4FF2B7-F17C-402F-90AE-BD87B2E6D6A3}.Debug|Any CPU.ActiveCfg = Debug|Any CPU
		{1B4FF2B7-F17C-402F-90AE-BD87B2E6D6A3}.Debug|Any CPU.Build.0 = Debug|Any CPU
		{1B4FF2B7-F17C-402F-90AE-BD87B2E6D6A3}.Release|Any CPU.ActiveCfg = Release|Any CPU
		{1B4FF2B7-F17C-402F-90AE-BD87B2E6D6A3}.Release|Any CPU.Build.0 = Release|Any CPU
		{E61FC37B-972F-413E-BCE5-44F21E0A9B8F}.Debug|Any CPU.ActiveCfg = Debug|Any CPU
		{E61FC37B-972F-413E-BCE5-44F21E0A9B8F}.Debug|Any CPU.Build.0 = Debug|Any CPU
		{E61FC37B-972F-413E-BCE5-44F21E0A9B8F}.Release|Any CPU.ActiveCfg = Release|Any CPU
		{E61FC37B-972F-413E-BCE5-44F21E0A9B8F}.Release|Any CPU.Build.0 = Release|Any CPU
		{42C5E9D1-F0CA-49A3-BC51-366E02BA6822}.Debug|Any CPU.ActiveCfg = Debug|Any CPU
		{42C5E9D1-F0CA-49A3-BC51-366E02BA6822}.Debug|Any CPU.Build.0 = Debug|Any CPU
		{42C5E9D1-F0CA-49A3-BC51-366E02BA6822}.Release|Any CPU.ActiveCfg = Release|Any CPU
		{42C5E9D1-F0CA-49A3-BC51-366E02BA6822}.Release|Any CPU.Build.0 = Release|Any CPU
		{9D97C04E-9372-4521-8F1A-E1E294684DE9}.Debug|Any CPU.ActiveCfg = Debug|Any CPU
		{9D97C04E-9372-4521-8F1A-E1E294684DE9}.Debug|Any CPU.Build.0 = Debug|Any CPU
		{9D97C04E-9372-4521-8F1A-E1E294684DE9}.Release|Any CPU.ActiveCfg = Release|Any CPU
		{9D97C04E-9372-4521-8F1A-E1E294684DE9}.Release|Any CPU.Build.0 = Release|Any CPU
		{1382C1CD-51CC-45AA-BBCF-7CA1F5F14C6F}.Debug|Any CPU.ActiveCfg = Debug|Any CPU
		{1382C1CD-51CC-45AA-BBCF-7CA1F5F14C6F}.Debug|Any CPU.Build.0 = Debug|Any CPU
		{1382C1CD-51CC-45AA-BBCF-7CA1F5F14C6F}.Release|Any CPU.ActiveCfg = Release|Any CPU
		{1382C1CD-51CC-45AA-BBCF-7CA1F5F14C6F}.Release|Any CPU.Build.0 = Release|Any CPU
		{A4339505-31F3-4585-9D8A-D6DC36FA3E26}.Debug|Any CPU.ActiveCfg = Debug|Any CPU
		{A4339505-31F3-4585-9D8A-D6DC36FA3E26}.Debug|Any CPU.Build.0 = Debug|Any CPU
		{A4339505-31F3-4585-9D8A-D6DC36FA3E26}.Release|Any CPU.ActiveCfg = Release|Any CPU
		{A4339505-31F3-4585-9D8A-D6DC36FA3E26}.Release|Any CPU.Build.0 = Release|Any CPU
		{D6F5D6DB-3F71-4CAE-B68B-BDE27BDB7002}.Debug|Any CPU.ActiveCfg = Debug|Any CPU
		{D6F5D6DB-3F71-4CAE-B68B-BDE27BDB7002}.Debug|Any CPU.Build.0 = Debug|Any CPU
		{D6F5D6DB-3F71-4CAE-B68B-BDE27BDB7002}.Release|Any CPU.ActiveCfg = Release|Any CPU
		{D6F5D6DB-3F71-4CAE-B68B-BDE27BDB7002}.Release|Any CPU.Build.0 = Release|Any CPU
		{CBB741E0-7E3E-4FC5-A34B-0E7451C9C214}.Debug|Any CPU.ActiveCfg = Debug|Any CPU
		{CBB741E0-7E3E-4FC5-A34B-0E7451C9C214}.Debug|Any CPU.Build.0 = Debug|Any CPU
		{CBB741E0-7E3E-4FC5-A34B-0E7451C9C214}.Release|Any CPU.ActiveCfg = Release|Any CPU
		{CBB741E0-7E3E-4FC5-A34B-0E7451C9C214}.Release|Any CPU.Build.0 = Release|Any CPU
	EndGlobalSection
	GlobalSection(SolutionProperties) = preSolution
		HideSolutionNode = FALSE
	EndGlobalSection
	GlobalSection(NestedProjects) = preSolution
		{6CF65145-E8B6-40F6-8167-99277565A51A} = {4802E3D5-43D6-43F1-9165-BF2801B6AD6E}
		{A4339505-31F3-4585-9D8A-D6DC36FA3E26} = {4802E3D5-43D6-43F1-9165-BF2801B6AD6E}
		{CBB741E0-7E3E-4FC5-A34B-0E7451C9C214} = {4802E3D5-43D6-43F1-9165-BF2801B6AD6E}
		{48D39574-602A-435B-A195-6B8CC8E8FF7B} = {C460BC78-DB7C-47FD-AA76-023B75014985}
		{30DBFA51-3B94-48D1-AA25-189473E97339} = {5ECE0689-D2D7-4F82-9BCB-CA766375B2E1}
		{09E2BBCD-6118-4B0F-AD08-593E4228C819} = {5ECE0689-D2D7-4F82-9BCB-CA766375B2E1}
		{E61FC37B-972F-413E-BCE5-44F21E0A9B8F} = {5ECE0689-D2D7-4F82-9BCB-CA766375B2E1}
		{42C5E9D1-F0CA-49A3-BC51-366E02BA6822} = {5ECE0689-D2D7-4F82-9BCB-CA766375B2E1}
		{1B4FF2B7-F17C-402F-90AE-BD87B2E6D6A3} = {6AB1A538-7B79-47DC-9D6D-471CC4F94E47}
		{9D97C04E-9372-4521-8F1A-E1E294684DE9} = {6AB1A538-7B79-47DC-9D6D-471CC4F94E47}
		{1382C1CD-51CC-45AA-BBCF-7CA1F5F14C6F} = {6AB1A538-7B79-47DC-9D6D-471CC4F94E47}
		{D6F5D6DB-3F71-4CAE-B68B-BDE27BDB7002} = {6AB1A538-7B79-47DC-9D6D-471CC4F94E47}
	EndGlobalSection
EndGlobal
